
Microsoft Visual Studio Solution File, Format Version 12.00
# Visual Studio Version 17
VisualStudioVersion = 17.12.35527.113
MinimumVisualStudioVersion = 10.0.40219.1
Project("{2150E333-8FDC-42A3-9474-1A3956D46DE8}") = "src", "src", "{1A1A6644-AB43-404F-8AAD-904E998F089E}"
EndProject
Project("{FAE04EC0-301F-11D3-BF4B-00C04F79EFBC}") = "EntityCore.Tools", "src\EntityCore.Tools\EntityCore.Tools.csproj", "{7695406B-216B-46D1-8E5B-B2EDD2EE0137}"
EndProject
Project("{2150E333-8FDC-42A3-9474-1A3956D46DE8}") = "examples", "examples", "{20EF5BC8-C8B2-454A-B5AE-3F48F2604200}"
EndProject
Project("{FAE04EC0-301F-11D3-BF4B-00C04F79EFBC}") = "TestApi002", "examples\TestApi002\TestApi002.csproj", "{2E777904-AC59-441C-8FE8-0A574F0B3D74}"
EndProject
Project("{FAE04EC0-301F-11D3-BF4B-00C04F79EFBC}") = "TestConsole003", "examples\TestConsole003\TestConsole003.csproj", "{3BD78E6C-C0A4-41D1-8CCD-B4BA698EA574}"
EndProject
Project("{FAE04EC0-301F-11D3-BF4B-00C04F79EFBC}") = "TestApi001", "examples\TestApi001\TestApi001.csproj", "{58046F44-7A6D-43E9-8343-4C75EAB0B031}"
EndProject
Project("{FAE04EC0-301F-11D3-BF4B-00C04F79EFBC}") = "TestApi004", "examples\TestApi004\TestApi004.csproj", "{53E32E10-5240-4E71-AC5D-93FE2A3833C4}"
EndProject
Global
	GlobalSection(SolutionConfigurationPlatforms) = preSolution
		Debug|Any CPU = Debug|Any CPU
		Release|Any CPU = Release|Any CPU
	EndGlobalSection
	GlobalSection(ProjectConfigurationPlatforms) = postSolution
		{7695406B-216B-46D1-8E5B-B2EDD2EE0137}.Debug|Any CPU.ActiveCfg = Debug|Any CPU
		{7695406B-216B-46D1-8E5B-B2EDD2EE0137}.Debug|Any CPU.Build.0 = Debug|Any CPU
		{7695406B-216B-46D1-8E5B-B2EDD2EE0137}.Release|Any CPU.ActiveCfg = Release|Any CPU
		{7695406B-216B-46D1-8E5B-B2EDD2EE0137}.Release|Any CPU.Build.0 = Release|Any CPU
		{2E777904-AC59-441C-8FE8-0A574F0B3D74}.Debug|Any CPU.ActiveCfg = Debug|Any CPU
		{2E777904-AC59-441C-8FE8-0A574F0B3D74}.Debug|Any CPU.Build.0 = Debug|Any CPU
		{2E777904-AC59-441C-8FE8-0A574F0B3D74}.Release|Any CPU.ActiveCfg = Release|Any CPU
		{2E777904-AC59-441C-8FE8-0A574F0B3D74}.Release|Any CPU.Build.0 = Release|Any CPU
		{3BD78E6C-C0A4-41D1-8CCD-B4BA698EA574}.Debug|Any CPU.ActiveCfg = Debug|Any CPU
		{3BD78E6C-C0A4-41D1-8CCD-B4BA698EA574}.Debug|Any CPU.Build.0 = Debug|Any CPU
		{3BD78E6C-C0A4-41D1-8CCD-B4BA698EA574}.Release|Any CPU.ActiveCfg = Release|Any CPU
		{3BD78E6C-C0A4-41D1-8CCD-B4BA698EA574}.Release|Any CPU.Build.0 = Release|Any CPU
		{58046F44-7A6D-43E9-8343-4C75EAB0B031}.Debug|Any CPU.ActiveCfg = Debug|Any CPU
		{58046F44-7A6D-43E9-8343-4C75EAB0B031}.Debug|Any CPU.Build.0 = Debug|Any CPU
		{58046F44-7A6D-43E9-8343-4C75EAB0B031}.Release|Any CPU.ActiveCfg = Release|Any CPU
		{58046F44-7A6D-43E9-8343-4C75EAB0B031}.Release|Any CPU.Build.0 = Release|Any CPU
		{53E32E10-5240-4E71-AC5D-93FE2A3833C4}.Debug|Any CPU.ActiveCfg = Debug|Any CPU
		{53E32E10-5240-4E71-AC5D-93FE2A3833C4}.Debug|Any CPU.Build.0 = Debug|Any CPU
		{53E32E10-5240-4E71-AC5D-93FE2A3833C4}.Release|Any CPU.ActiveCfg = Release|Any CPU
		{53E32E10-5240-4E71-AC5D-93FE2A3833C4}.Release|Any CPU.Build.0 = Release|Any CPU
	EndGlobalSection
	GlobalSection(SolutionProperties) = preSolution
		HideSolutionNode = FALSE
	EndGlobalSection
	GlobalSection(NestedProjects) = preSolution
		{7695406B-216B-46D1-8E5B-B2EDD2EE0137} = {1A1A6644-AB43-404F-8AAD-904E998F089E}
		{2E777904-AC59-441C-8FE8-0A574F0B3D74} = {20EF5BC8-C8B2-454A-B5AE-3F48F2604200}
		{3BD78E6C-C0A4-41D1-8CCD-B4BA698EA574} = {20EF5BC8-C8B2-454A-B5AE-3F48F2604200}
		{58046F44-7A6D-43E9-8343-4C75EAB0B031} = {20EF5BC8-C8B2-454A-B5AE-3F48F2604200}
		{53E32E10-5240-4E71-AC5D-93FE2A3833C4} = {20EF5BC8-C8B2-454A-B5AE-3F48F2604200}
	EndGlobalSection
EndGlobal
